# This file is automatically @generated by Cargo.
# It is not intended for manual editing.
version = 3

[[package]]
name = "fs2"
version = "0.4.3"
source = "registry+https://github.com/rust-lang/crates.io-index"
checksum = "9564fc758e15025b46aa6643b1b77d047d1a56a1aea6e01002ac0c7026876213"
dependencies = [
 "libc",
 "winapi",
]

[[package]]
name = "i3-wsman-rs"
version = "0.1.0"
dependencies = [
 "fs2",
 "i3_ipc",
 "lazy_static",
 "serde",
 "serde_json",
]

[[package]]
name = "i3_ipc"
version = "0.16.0"
source = "registry+https://github.com/rust-lang/crates.io-index"
checksum = "1c2a95f6795f90b63f52d791384e3ab83455f70a62367058d8375fada531dffa"
dependencies = [
 "i3ipc-types",
 "serde",
 "serde_json",
]

[[package]]
name = "i3ipc-types"
version = "0.16.0"
source = "registry+https://github.com/rust-lang/crates.io-index"
checksum = "d33d77c228def3374e540e661c208bd35c59f57fcf9a43d3cdae7290223b66e2"
dependencies = [
 "serde",
 "serde_json",
 "serde_repr",
]

[[package]]
name = "itoa"
version = "1.0.9"
source = "registry+https://github.com/rust-lang/crates.io-index"
checksum = "af150ab688ff2122fcef229be89cb50dd66af9e01a4ff320cc137eecc9bacc38"

[[package]]
name = "lazy_static"
version = "1.4.0"
source = "registry+https://github.com/rust-lang/crates.io-index"
checksum = "e2abad23fbc42b3700f2f279844dc832adb2b2eb069b2df918f455c4e18cc646"

[[package]]
name = "libc"
version = "0.2.147"
source = "registry+https://github.com/rust-lang/crates.io-index"
checksum = "b4668fb0ea861c1df094127ac5f1da3409a82116a4ba74fca2e58ef927159bb3"

[[package]]
name = "proc-macro2"
version = "1.0.66"
source = "registry+https://github.com/rust-lang/crates.io-index"
checksum = "18fb31db3f9bddb2ea821cde30a9f70117e3f119938b5ee630b7403aa6e2ead9"
dependencies = [
 "unicode-ident",
]

[[package]]
name = "quote"
version = "1.0.32"
source = "registry+https://github.com/rust-lang/crates.io-index"
checksum = "50f3b39ccfb720540debaa0164757101c08ecb8d326b15358ce76a62c7e85965"
dependencies = [
 "proc-macro2",
]

[[package]]
name = "ryu"
version = "1.0.15"
source = "registry+https://github.com/rust-lang/crates.io-index"
checksum = "1ad4cc8da4ef723ed60bced201181d83791ad433213d8c24efffda1eec85d741"

[[package]]
name = "serde"
version = "1.0.183"
source = "registry+https://github.com/rust-lang/crates.io-index"
checksum = "32ac8da02677876d532745a130fc9d8e6edfa81a269b107c5b00829b91d8eb3c"
dependencies = [
 "serde_derive",
]

[[package]]
name = "serde_derive"
version = "1.0.183"
source = "registry+https://github.com/rust-lang/crates.io-index"
checksum = "aafe972d60b0b9bee71a91b92fee2d4fb3c9d7e8f6b179aa99f27203d99a4816"
dependencies = [
 "proc-macro2",
 "quote",
 "syn",
]

[[package]]
name = "serde_json"
version = "1.0.104"
source = "registry+https://github.com/rust-lang/crates.io-index"
checksum = "076066c5f1078eac5b722a31827a8832fe108bed65dfa75e233c89f8206e976c"
dependencies = [
 "itoa",
 "ryu",
 "serde",
]

[[package]]
name = "serde_repr"
version = "0.1.16"
source = "registry+https://github.com/rust-lang/crates.io-index"
checksum = "8725e1dfadb3a50f7e5ce0b1a540466f6ed3fe7a0fca2ac2b8b831d31316bd00"
dependencies = [
 "proc-macro2",
 "quote",
 "syn",
]

[[package]]
name = "syn"
version = "2.0.28"
source = "registry+https://github.com/rust-lang/crates.io-index"
checksum = "04361975b3f5e348b2189d8dc55bc942f278b2d482a6a0365de5bdd62d351567"
dependencies = [
 "proc-macro2",
 "quote",
 "unicode-ident",
]

[[package]]
name = "unicode-ident"
version = "1.0.11"
source = "registry+https://github.com/rust-lang/crates.io-index"
checksum = "301abaae475aa91687eb82514b328ab47a211a533026cb25fc3e519b86adfc3c"

[[package]]
name = "winapi"
version = "0.3.9"
source = "registry+https://github.com/rust-lang/crates.io-index"
checksum = "5c839a674fcd7a98952e593242ea400abe93992746761e38641405d28b00f419"
dependencies = [
 "winapi-i686-pc-windows-gnu",
 "winapi-x86_64-pc-windows-gnu",
]

[[package]]
name = "winapi-i686-pc-windows-gnu"
version = "0.4.0"
source = "registry+https://github.com/rust-lang/crates.io-index"
checksum = "ac3b87c63620426dd9b991e5ce0329eff545bccbbb34f3be09ff6fb6ab51b7b6"

[[package]]
name = "winapi-x86_64-pc-windows-gnu"
version = "0.4.0"
source = "registry+https://github.com/rust-lang/crates.io-index"
checksum = "712e227841d057c1ee1cd2fb22fa7e5a5461ae8e48fa2ca79ec42cfc1931183f"
